
Microsoft Visual Studio Solution File, Format Version 12.00
# Visual Studio Version 17
VisualStudioVersion = 17.11.35219.272
MinimumVisualStudioVersion = 10.0.40219.1
Project("{FAE04EC0-301F-11D3-BF4B-00C04F79EFBC}") = "My1stWebAPIProject", "My1stWebAPIProject\My1stWebAPIProject.csproj", "{693C8A4A-447A-4184-8A83-C70DF4AAB4D5}"
EndProject
Global
	GlobalSection(SolutionConfigurationPlatforms) = preSolution
		Debug|Any CPU = Debug|Any CPU
		Release|Any CPU = Release|Any CPU
	EndGlobalSection
	GlobalSection(ProjectConfigurationPlatforms) = postSolution
		{693C8A4A-447A-4184-8A83-C70DF4AAB4D5}.Debug|Any CPU.ActiveCfg = Debug|Any CPU
		{693C8A4A-447A-4184-8A83-C70DF4AAB4D5}.Debug|Any CPU.Build.0 = Debug|Any CPU
		{693C8A4A-447A-4184-8A83-C70DF4AAB4D5}.Release|Any CPU.ActiveCfg = Release|Any CPU
		{693C8A4A-447A-4184-8A83-C70DF4AAB4D5}.Release|Any CPU.Build.0 = Release|Any CPU
	EndGlobalSection
	GlobalSection(SolutionProperties) = preSolution
		HideSolutionNode = FALSE
	EndGlobalSection
	GlobalSection(ExtensibilityGlobals) = postSolution
		SolutionGuid = {7E085F08-CBC2-4002-8DD9-90EA59E71E69}
	EndGlobalSection
EndGlobal
